
Microsoft Visual Studio Solution File, Format Version 12.00
# Visual Studio Version 16
VisualStudioVersion = 16.0.31702.278
MinimumVisualStudioVersion = 10.0.40219.1
Project("{9A19103F-16F7-4668-BE54-9A1E7A4F7556}") = "Demarrage_PPE", "Demarrage_PPE.csproj", "{FCECC7F7-ECAD-4A6F-AE3E-0E3B358DA57C}"
EndProject
Project("{FAE04EC0-301F-11D3-BF4B-00C04F79EFBC}") = "PPE_BelleTable", "..\PPE_BelleTable\PPE_BelleTable.csproj", "{76091404-FA0D-47F6-B946-6F5A34BFE996}"
EndProject
Global
	GlobalSection(SolutionConfigurationPlatforms) = preSolution
		Debug|Any CPU = Debug|Any CPU
		Release|Any CPU = Release|Any CPU
	EndGlobalSection
	GlobalSection(ProjectConfigurationPlatforms) = postSolution
		{FCECC7F7-ECAD-4A6F-AE3E-0E3B358DA57C}.Debug|Any CPU.ActiveCfg = Debug|Any CPU
		{FCECC7F7-ECAD-4A6F-AE3E-0E3B358DA57C}.Debug|Any CPU.Build.0 = Debug|Any CPU
		{FCECC7F7-ECAD-4A6F-AE3E-0E3B358DA57C}.Release|Any CPU.ActiveCfg = Release|Any CPU
		{FCECC7F7-ECAD-4A6F-AE3E-0E3B358DA57C}.Release|Any CPU.Build.0 = Release|Any CPU
		{76091404-FA0D-47F6-B946-6F5A34BFE996}.Debug|Any CPU.ActiveCfg = Debug|Any CPU
		{76091404-FA0D-47F6-B946-6F5A34BFE996}.Debug|Any CPU.Build.0 = Debug|Any CPU
		{76091404-FA0D-47F6-B946-6F5A34BFE996}.Release|Any CPU.ActiveCfg = Release|Any CPU
		{76091404-FA0D-47F6-B946-6F5A34BFE996}.Release|Any CPU.Build.0 = Release|Any CPU
	EndGlobalSection
	GlobalSection(SolutionProperties) = preSolution
		HideSolutionNode = FALSE
	EndGlobalSection
	GlobalSection(ExtensibilityGlobals) = postSolution
		SolutionGuid = {6A1CE8D8-CD7B-41EC-9FFA-8637D4F52FFB}
	EndGlobalSection
EndGlobal
